
Microsoft Visual Studio Solution File, Format Version 10.00
# Visual Studio 2008
Project("{FAE04EC0-301F-11D3-BF4B-00C04F79EFBC}") = "Mommosoft.Capi", "src\capi\Mommosoft.Capi.csproj", "{2FA2A238-C18C-436F-BFA6-D85B46C10D0E}"
EndProject
Global
	GlobalSection(TeamFoundationVersionControl) = preSolution
		SccNumberOfProjects = 2
		SccEnterpriseProvider = {4CA58AB2-18FA-4F8D-95D4-32DDF27D184C}
		SccTeamFoundationServer = https://tfs07.codeplex.com/
		SccLocalPath0 = .
		SccProjectUniqueName1 = src\\capi\\Mommosoft.Capi.csproj
		SccProjectName1 = src/capi
		SccLocalPath1 = src\\capi
	EndGlobalSection
	GlobalSection(SolutionConfigurationPlatforms) = preSolution
		Debug|Any CPU = Debug|Any CPU
		Release|Any CPU = Release|Any CPU
	EndGlobalSection
	GlobalSection(ProjectConfigurationPlatforms) = postSolution
		{2FA2A238-C18C-436F-BFA6-D85B46C10D0E}.Debug|Any CPU.ActiveCfg = Debug|Any CPU
		{2FA2A238-C18C-436F-BFA6-D85B46C10D0E}.Debug|Any CPU.Build.0 = Debug|Any CPU
		{2FA2A238-C18C-436F-BFA6-D85B46C10D0E}.Release|Any CPU.ActiveCfg = Release|Any CPU
		{2FA2A238-C18C-436F-BFA6-D85B46C10D0E}.Release|Any CPU.Build.0 = Release|Any CPU
	EndGlobalSection
	GlobalSection(SolutionProperties) = preSolution
		HideSolutionNode = FALSE
	EndGlobalSection
EndGlobal
